
Microsoft Visual Studio Solution File, Format Version 12.00
# Visual Studio Version 17
VisualStudioVersion = 17.0.31903.59
MinimumVisualStudioVersion = 10.0.40219.1
Project("{2150E333-8FDC-42A3-9474-1A3956D46DE8}") = "src", "src", "{D13E71B4-0CF6-4F4C-B2D9-AEA4AA7FB1BA}"
EndProject
Project("{FAE04EC0-301F-11D3-BF4B-00C04F79EFBC}") = "SumN.Core", "src\SumN.Core\SumN.Core.csproj", "{53954286-1763-4B7A-96D4-C56124C73CE7}"
EndProject
Project("{2150E333-8FDC-42A3-9474-1A3956D46DE8}") = "Tests", "Tests", "{DA2B6183-1FC6-42E8-9835-B8BABF778BD1}"
EndProject
Project("{FAE04EC0-301F-11D3-BF4B-00C04F79EFBC}") = "SumN.Tests", "Tests\SumN.Tests\SumN.Tests.csproj", "{6643C820-4FD4-4946-9C20-3B37285BFA59}"
EndProject
Global
	GlobalSection(SolutionConfigurationPlatforms) = preSolution
		Debug|Any CPU = Debug|Any CPU
		Release|Any CPU = Release|Any CPU
	EndGlobalSection
	GlobalSection(SolutionProperties) = preSolution
		HideSolutionNode = FALSE
	EndGlobalSection
	GlobalSection(ProjectConfigurationPlatforms) = postSolution
		{53954286-1763-4B7A-96D4-C56124C73CE7}.Debug|Any CPU.ActiveCfg = Debug|Any CPU
		{53954286-1763-4B7A-96D4-C56124C73CE7}.Debug|Any CPU.Build.0 = Debug|Any CPU
		{53954286-1763-4B7A-96D4-C56124C73CE7}.Release|Any CPU.ActiveCfg = Release|Any CPU
		{53954286-1763-4B7A-96D4-C56124C73CE7}.Release|Any CPU.Build.0 = Release|Any CPU
		{6643C820-4FD4-4946-9C20-3B37285BFA59}.Debug|Any CPU.ActiveCfg = Debug|Any CPU
		{6643C820-4FD4-4946-9C20-3B37285BFA59}.Debug|Any CPU.Build.0 = Debug|Any CPU
		{6643C820-4FD4-4946-9C20-3B37285BFA59}.Release|Any CPU.ActiveCfg = Release|Any CPU
		{6643C820-4FD4-4946-9C20-3B37285BFA59}.Release|Any CPU.Build.0 = Release|Any CPU
	EndGlobalSection
	GlobalSection(NestedProjects) = preSolution
		{53954286-1763-4B7A-96D4-C56124C73CE7} = {D13E71B4-0CF6-4F4C-B2D9-AEA4AA7FB1BA}
		{6643C820-4FD4-4946-9C20-3B37285BFA59} = {DA2B6183-1FC6-42E8-9835-B8BABF778BD1}
	EndGlobalSection
EndGlobal
